{
  "projectId": "eco-chalice-5w532",
  "appId": "1:49595724116:web:4c33b31c4d7dce0a29d8c1",
  "apiKey": "AIzaSyAfJr7iy2Ma1UJHc2I2tpYf8QSUgkuTWk8",
  "authDomain": "eco-chalice-5w532.firebaseapp.com",
  "firestoreDatabaseId": "ai-studio-d669339c-fead-4a2d-902d-a1523709472e",
  "storageBucket": "eco-chalice-5w532.firebasestorage.app",
  "messagingSenderId": "49595724116",
  "measurementId": ""
}